
Microsoft Visual Studio Solution File, Format Version 12.00
# Visual Studio 15
VisualStudioVersion = 15.0.28307.136
MinimumVisualStudioVersion = 10.0.40219.1
Project("{E53339B2-1760-4266-BCC7-CA923CBCF16C}") = "docker-compose", "docker-compose.dcproj", "{634C21A8-6E6E-4D41-9B82-22026264337C}"
EndProject
Project("{2150E333-8FDC-42A3-9474-1A3956D46DE8}") = "Libraries", "Libraries", "{36BF3727-79F2-4DBD-8DC3-D42460D39845}"
EndProject
Project("{9A19103F-16F7-4668-BE54-9A1E7A4F7556}") = "Lib.Service", "Lib.Service\Lib.Service.csproj", "{57D591D8-78A0-4AAF-AE9D-3AC3EE86718D}"
EndProject
Project("{2150E333-8FDC-42A3-9474-1A3956D46DE8}") = "Services", "Services", "{80B4509D-BCEE-4932-A6B2-586538BDBB65}"
EndProject
Project("{2150E333-8FDC-42A3-9474-1A3956D46DE8}") = "HealthMonitors", "HealthMonitors", "{7ABB56FB-AA75-45A0-B7AD-691B2D42F390}"
EndProject
Project("{9A19103F-16F7-4668-BE54-9A1E7A4F7556}") = "Health.Monitor", "Health.Monitor\Health.Monitor.csproj", "{DCD5F074-E06A-466F-86CC-01F06B3F552B}"
EndProject
Project("{9A19103F-16F7-4668-BE54-9A1E7A4F7556}") = "Lib.HealthChecks", "Lib.HealthChecks\Lib.HealthChecks.csproj", "{8C781F8D-BCC8-4837-B1DF-C2415AE996A0}"
EndProject
Project("{9A19103F-16F7-4668-BE54-9A1E7A4F7556}") = "Svc.A", "Svc.A\Svc.A.csproj", "{01D0AB55-11FC-4D97-9C05-5F84B4C7EE23}"
EndProject
Project("{9A19103F-16F7-4668-BE54-9A1E7A4F7556}") = "Svc.C", "Svc.C\Svc.C.csproj", "{E33F036C-769B-45CF-8401-D7BA40502773}"
EndProject
Project("{9A19103F-16F7-4668-BE54-9A1E7A4F7556}") = "Svc.B", "Svc.B\Svc.B.csproj", "{42205E70-A275-4879-B428-98F1B18B5C4B}"
EndProject
Global
	GlobalSection(SolutionConfigurationPlatforms) = preSolution
		Debug|Any CPU = Debug|Any CPU
		Release|Any CPU = Release|Any CPU
	EndGlobalSection
	GlobalSection(ProjectConfigurationPlatforms) = postSolution
		{634C21A8-6E6E-4D41-9B82-22026264337C}.Debug|Any CPU.ActiveCfg = Debug|Any CPU
		{634C21A8-6E6E-4D41-9B82-22026264337C}.Debug|Any CPU.Build.0 = Debug|Any CPU
		{634C21A8-6E6E-4D41-9B82-22026264337C}.Release|Any CPU.ActiveCfg = Release|Any CPU
		{634C21A8-6E6E-4D41-9B82-22026264337C}.Release|Any CPU.Build.0 = Release|Any CPU
		{57D591D8-78A0-4AAF-AE9D-3AC3EE86718D}.Debug|Any CPU.ActiveCfg = Debug|Any CPU
		{57D591D8-78A0-4AAF-AE9D-3AC3EE86718D}.Debug|Any CPU.Build.0 = Debug|Any CPU
		{57D591D8-78A0-4AAF-AE9D-3AC3EE86718D}.Release|Any CPU.ActiveCfg = Release|Any CPU
		{57D591D8-78A0-4AAF-AE9D-3AC3EE86718D}.Release|Any CPU.Build.0 = Release|Any CPU
		{DCD5F074-E06A-466F-86CC-01F06B3F552B}.Debug|Any CPU.ActiveCfg = Debug|Any CPU
		{DCD5F074-E06A-466F-86CC-01F06B3F552B}.Debug|Any CPU.Build.0 = Debug|Any CPU
		{DCD5F074-E06A-466F-86CC-01F06B3F552B}.Release|Any CPU.ActiveCfg = Release|Any CPU
		{DCD5F074-E06A-466F-86CC-01F06B3F552B}.Release|Any CPU.Build.0 = Release|Any CPU
		{8C781F8D-BCC8-4837-B1DF-C2415AE996A0}.Debug|Any CPU.ActiveCfg = Debug|Any CPU
		{8C781F8D-BCC8-4837-B1DF-C2415AE996A0}.Debug|Any CPU.Build.0 = Debug|Any CPU
		{8C781F8D-BCC8-4837-B1DF-C2415AE996A0}.Release|Any CPU.ActiveCfg = Release|Any CPU
		{8C781F8D-BCC8-4837-B1DF-C2415AE996A0}.Release|Any CPU.Build.0 = Release|Any CPU
		{01D0AB55-11FC-4D97-9C05-5F84B4C7EE23}.Debug|Any CPU.ActiveCfg = Debug|Any CPU
		{01D0AB55-11FC-4D97-9C05-5F84B4C7EE23}.Debug|Any CPU.Build.0 = Debug|Any CPU
		{01D0AB55-11FC-4D97-9C05-5F84B4C7EE23}.Release|Any CPU.ActiveCfg = Release|Any CPU
		{01D0AB55-11FC-4D97-9C05-5F84B4C7EE23}.Release|Any CPU.Build.0 = Release|Any CPU
		{E33F036C-769B-45CF-8401-D7BA40502773}.Debug|Any CPU.ActiveCfg = Debug|Any CPU
		{E33F036C-769B-45CF-8401-D7BA40502773}.Debug|Any CPU.Build.0 = Debug|Any CPU
		{E33F036C-769B-45CF-8401-D7BA40502773}.Release|Any CPU.ActiveCfg = Release|Any CPU
		{E33F036C-769B-45CF-8401-D7BA40502773}.Release|Any CPU.Build.0 = Release|Any CPU
		{42205E70-A275-4879-B428-98F1B18B5C4B}.Debug|Any CPU.ActiveCfg = Debug|Any CPU
		{42205E70-A275-4879-B428-98F1B18B5C4B}.Debug|Any CPU.Build.0 = Debug|Any CPU
		{42205E70-A275-4879-B428-98F1B18B5C4B}.Release|Any CPU.ActiveCfg = Release|Any CPU
		{42205E70-A275-4879-B428-98F1B18B5C4B}.Release|Any CPU.Build.0 = Release|Any CPU
	EndGlobalSection
	GlobalSection(SolutionProperties) = preSolution
		HideSolutionNode = FALSE
	EndGlobalSection
	GlobalSection(NestedProjects) = preSolution
		{57D591D8-78A0-4AAF-AE9D-3AC3EE86718D} = {36BF3727-79F2-4DBD-8DC3-D42460D39845}
		{DCD5F074-E06A-466F-86CC-01F06B3F552B} = {7ABB56FB-AA75-45A0-B7AD-691B2D42F390}
		{8C781F8D-BCC8-4837-B1DF-C2415AE996A0} = {36BF3727-79F2-4DBD-8DC3-D42460D39845}
		{01D0AB55-11FC-4D97-9C05-5F84B4C7EE23} = {80B4509D-BCEE-4932-A6B2-586538BDBB65}
		{E33F036C-769B-45CF-8401-D7BA40502773} = {80B4509D-BCEE-4932-A6B2-586538BDBB65}
		{42205E70-A275-4879-B428-98F1B18B5C4B} = {80B4509D-BCEE-4932-A6B2-586538BDBB65}
	EndGlobalSection
	GlobalSection(ExtensibilityGlobals) = postSolution
		SolutionGuid = {7EFE087C-03C5-4DD0-AF9B-4CB30539EBB9}
	EndGlobalSection
EndGlobal
